
Microsoft Visual Studio Solution File, Format Version 12.00
# Visual Studio Version 16
VisualStudioVersion = 16.0.32002.261
MinimumVisualStudioVersion = 10.0.40219.1
Project("{FAE04EC0-301F-11D3-BF4B-00C04F79EFBC}") = "Laba9 WPF", "Laba9 WPF\Laba9 WPF.csproj", "{01484B5E-9A53-480C-9C9F-7E3035DE501E}"
EndProject
Global
	GlobalSection(SolutionConfigurationPlatforms) = preSolution
		Debug|Any CPU = Debug|Any CPU
		Release|Any CPU = Release|Any CPU
	EndGlobalSection
	GlobalSection(ProjectConfigurationPlatforms) = postSolution
		{01484B5E-9A53-480C-9C9F-7E3035DE501E}.Debug|Any CPU.ActiveCfg = Debug|Any CPU
		{01484B5E-9A53-480C-9C9F-7E3035DE501E}.Debug|Any CPU.Build.0 = Debug|Any CPU
		{01484B5E-9A53-480C-9C9F-7E3035DE501E}.Release|Any CPU.ActiveCfg = Release|Any CPU
		{01484B5E-9A53-480C-9C9F-7E3035DE501E}.Release|Any CPU.Build.0 = Release|Any CPU
	EndGlobalSection
	GlobalSection(SolutionProperties) = preSolution
		HideSolutionNode = FALSE
	EndGlobalSection
	GlobalSection(ExtensibilityGlobals) = postSolution
		SolutionGuid = {82B3F734-382C-47AE-8163-1CF65711ABEE}
	EndGlobalSection
EndGlobal
